
Microsoft Visual Studio Solution File, Format Version 12.00
# Visual Studio Version 17
VisualStudioVersion = 17.6.33829.357
MinimumVisualStudioVersion = 10.0.40219.1
Project("{FAE04EC0-301F-11D3-BF4B-00C04F79EFBC}") = "OOAdvancedTopics", "OOAdvancedTopics\OOAdvancedTopics.csproj", "{6DF9DEB1-80BA-48BB-815B-5D65982B0624}"
EndProject
Global
	GlobalSection(SolutionConfigurationPlatforms) = preSolution
		Debug|Any CPU = Debug|Any CPU
		Release|Any CPU = Release|Any CPU
	EndGlobalSection
	GlobalSection(ProjectConfigurationPlatforms) = postSolution
		{6DF9DEB1-80BA-48BB-815B-5D65982B0624}.Debug|Any CPU.ActiveCfg = Debug|Any CPU
		{6DF9DEB1-80BA-48BB-815B-5D65982B0624}.Debug|Any CPU.Build.0 = Debug|Any CPU
		{6DF9DEB1-80BA-48BB-815B-5D65982B0624}.Release|Any CPU.ActiveCfg = Release|Any CPU
		{6DF9DEB1-80BA-48BB-815B-5D65982B0624}.Release|Any CPU.Build.0 = Release|Any CPU
	EndGlobalSection
	GlobalSection(SolutionProperties) = preSolution
		HideSolutionNode = FALSE
	EndGlobalSection
	GlobalSection(ExtensibilityGlobals) = postSolution
		SolutionGuid = {F165C50C-1745-43A1-B378-01F101BF4C1D}
	EndGlobalSection
EndGlobal
